
Microsoft Visual Studio Solution File, Format Version 12.00
# Visual Studio Version 17
VisualStudioVersion = 17.11.35222.181
MinimumVisualStudioVersion = 10.0.40219.1
Project("{FAE04EC0-301F-11D3-BF4B-00C04F79EFBC}") = "Packing", "Packing\Packing.csproj", "{7100B985-857F-4BDB-BC78-1F8B3C8E3264}"
EndProject
Project("{FAE04EC0-301F-11D3-BF4B-00C04F79EFBC}") = "Application", "Application\Application.csproj", "{A39191E9-2D92-458A-AD82-23CA44DCD9E0}"
EndProject
Project("{FAE04EC0-301F-11D3-BF4B-00C04F79EFBC}") = "Domain", "Domain\Domain.csproj", "{9A1AA9D2-A9CA-4218-95FD-A758F67294BE}"
EndProject
Project("{FAE04EC0-301F-11D3-BF4B-00C04F79EFBC}") = "Infrastructure", "Infrastructure\Infrastructure.csproj", "{DEC2DEC4-796B-41A4-8593-C919E2094AA8}"
EndProject
Project("{FAE04EC0-301F-11D3-BF4B-00C04F79EFBC}") = "Tests", "Tests\Tests.csproj", "{672DE505-2D23-4EAB-962C-FCC60E843E93}"
EndProject
Global
	GlobalSection(SolutionConfigurationPlatforms) = preSolution
		Debug|Any CPU = Debug|Any CPU
		Release|Any CPU = Release|Any CPU
	EndGlobalSection
	GlobalSection(ProjectConfigurationPlatforms) = postSolution
		{7100B985-857F-4BDB-BC78-1F8B3C8E3264}.Debug|Any CPU.ActiveCfg = Debug|Any CPU
		{7100B985-857F-4BDB-BC78-1F8B3C8E3264}.Debug|Any CPU.Build.0 = Debug|Any CPU
		{7100B985-857F-4BDB-BC78-1F8B3C8E3264}.Release|Any CPU.ActiveCfg = Release|Any CPU
		{7100B985-857F-4BDB-BC78-1F8B3C8E3264}.Release|Any CPU.Build.0 = Release|Any CPU
		{A39191E9-2D92-458A-AD82-23CA44DCD9E0}.Debug|Any CPU.ActiveCfg = Debug|Any CPU
		{A39191E9-2D92-458A-AD82-23CA44DCD9E0}.Debug|Any CPU.Build.0 = Debug|Any CPU
		{A39191E9-2D92-458A-AD82-23CA44DCD9E0}.Release|Any CPU.ActiveCfg = Release|Any CPU
		{A39191E9-2D92-458A-AD82-23CA44DCD9E0}.Release|Any CPU.Build.0 = Release|Any CPU
		{9A1AA9D2-A9CA-4218-95FD-A758F67294BE}.Debug|Any CPU.ActiveCfg = Debug|Any CPU
		{9A1AA9D2-A9CA-4218-95FD-A758F67294BE}.Debug|Any CPU.Build.0 = Debug|Any CPU
		{9A1AA9D2-A9CA-4218-95FD-A758F67294BE}.Release|Any CPU.ActiveCfg = Release|Any CPU
		{9A1AA9D2-A9CA-4218-95FD-A758F67294BE}.Release|Any CPU.Build.0 = Release|Any CPU
		{DEC2DEC4-796B-41A4-8593-C919E2094AA8}.Debug|Any CPU.ActiveCfg = Debug|Any CPU
		{DEC2DEC4-796B-41A4-8593-C919E2094AA8}.Debug|Any CPU.Build.0 = Debug|Any CPU
		{DEC2DEC4-796B-41A4-8593-C919E2094AA8}.Release|Any CPU.ActiveCfg = Release|Any CPU
		{DEC2DEC4-796B-41A4-8593-C919E2094AA8}.Release|Any CPU.Build.0 = Release|Any CPU
		{672DE505-2D23-4EAB-962C-FCC60E843E93}.Debug|Any CPU.ActiveCfg = Debug|Any CPU
		{672DE505-2D23-4EAB-962C-FCC60E843E93}.Debug|Any CPU.Build.0 = Debug|Any CPU
		{672DE505-2D23-4EAB-962C-FCC60E843E93}.Release|Any CPU.ActiveCfg = Release|Any CPU
		{672DE505-2D23-4EAB-962C-FCC60E843E93}.Release|Any CPU.Build.0 = Release|Any CPU
	EndGlobalSection
	GlobalSection(SolutionProperties) = preSolution
		HideSolutionNode = FALSE
	EndGlobalSection
	GlobalSection(ExtensibilityGlobals) = postSolution
		SolutionGuid = {40D059A0-080E-4F8C-BDDA-845039C90E95}
	EndGlobalSection
EndGlobal
